# Stage 6 Task 1 macOS 27 arm64 / Python 3.11 artifact lock.
# Generated from pip report; every selected artifact is SHA-256 gated.
addict==2.4.0 --hash=sha256:249bb56bbfd3cdc2a004ea0ff4c2b6ddc84d53bc2194761636eb314d5cfa5dfc
annotated-types==0.7.0 --hash=sha256:1f02e8b43a8fbbc3f3e0d4f0f4bfc8131bcb4eebe8849b8e5c773f3a1c582a53
chumpy==0.70 --hash=sha256:a0275c2018784ca1302875567dc81761f5fd469fab9f3ac0f3e7c39e9180350a
contourpy==1.3.3 --hash=sha256:23416f38bfd74d5d28ab8429cc4d63fa67d5068bd711a85edb1c3fb0c3e2f381
cycler==0.12.1 --hash=sha256:85cef7cff222d8644161529808465972e51340599459b8ac3ccbac5a854e0d30
Cython==3.2.8 --hash=sha256:a7761e1a97081b707a9ea4fb7c8ecdeddcc6b5ae00dda0f0b7bbf933c1b599f9
filelock==3.30.0 --hash=sha256:40632998f0772e64183bb819f086a1b9def6be1090cf1dcb9d45f46806ef279b
fonttools==4.63.0 --hash=sha256:2b8ae05d9eacf6081414d759c0a352769ac28ce31280d6bb8e77b03f9e3c449f
fsspec==2026.6.0 --hash=sha256:02e0b71817df9b2169dc30a16832045764def1191b43dcff5bb85bdee212d2a1
iniconfig==2.3.0 --hash=sha256:f631c04d2c48c52b84d0d0549c99ff3859c98df65b3101406327ecc7d53fbf12
Jinja2==3.1.6 --hash=sha256:85ece4451f492d0c13c5dd7c13a64681a86afae63a5f347908daf103ce6d2f67
json-tricks==3.17.3 --hash=sha256:8ba11cb66a09532945c05c7374a72b857dfc3870b2d145125edd508f4027dff9
kiwisolver==1.5.0 --hash=sha256:0df54df7e686afa55e6f21fb86195224a6d9beb71d637e8d7920c95cf0f89aac
markdown-it-py==4.2.0 --hash=sha256:9f7ebbcd14fe59494226453aed97c1070d83f8d24b6fc3a3bcf9a38092641c4a
MarkupSafe==3.0.3 --hash=sha256:4bd4cd07944443f5a265608cc6aab442e4f74dff8088b0dfc8238647b8f6ae9a
matplotlib==3.11.0 --hash=sha256:57baa92fdc82948ed716eae6d2579d4d6f40965cd8d2f416755b4a72580a3233
mdurl==0.1.2 --hash=sha256:84008a41e51615a49fc9966191ff91509e3c40b939176e643fd50a5c2196b8f8
mmcv==2.1.0 --hash=sha256:d387bcab66b467479b6660310e23746cfc79c6e57acf04094680adb499a5cd3f
mmdet==3.3.0 --hash=sha256:2e23e291281ac57e7dccf8678e957da45fbe560ce78a1f5ded6afeccd3730f17
mmengine==0.10.7 --hash=sha256:262ac976a925562f78cd5fd14dd1bc9b680ed0aa81f0d85b723ef782f99c54ee
mmpose==1.3.2 --hash=sha256:70a77b4e5fc96a9295012ab0505b975f192b22372b2f59e3110200c1462576b6
mpmath==1.3.0 --hash=sha256:a0b2b9fe80bbcd81a6647ff13108738cfb482d481d826cc0e02f5b35e5c88d2c
munkres==1.1.4 --hash=sha256:6b01867d4a8480d865aea2326e4b8f7c46431e9e55b4a2e32d989307d7bced2a
networkx==3.6.1 --hash=sha256:d47fbf302e7d9cbbb9e2555a0d267983d2aa476bac30e90dfbe5669bd57f3762
ninja==1.13.0 --hash=sha256:fa2a8bfc62e31b08f83127d1613d10821775a0eb334197154c4d6067b7068ff1
numpy==1.26.4 --hash=sha256:edd8b5fe47dab091176d21bb6de568acdd906d1887a4584a15a9a96a1dca06ef
opencv-python==4.11.0.86 --hash=sha256:432f67c223f1dc2824f5e73cdfcd9db0efc8710647d4e813012195dc9122a52a
opencv-python-headless==4.11.0.86 --hash=sha256:48128188ade4a7e517237c8e1e11a9cdf5c282761473383e77beb875bb1e61ca
packaging==26.2 --hash=sha256:5fc45236b9446107ff2415ce77c807cee2862cb6fac22b8a73826d0693b0980e
pillow==12.3.0 --hash=sha256:37d6d0a00072fd2948eb22bce7e1475f34569d90c87c59f7a2ec59541b77f7a6
pip==26.1.2 --hash=sha256:382ff9f685ee3bc25864f820aa50505825f10f5458ffff07e30a6d96e5715cab
platformdirs==4.10.0 --hash=sha256:fb516cdb12eb0d857d0cd85a7c57cea4d060bee4578d6cf5a14dfdf8cbf8784a
pluggy==1.6.0 --hash=sha256:e920276dd6813095e9377c0bc5566d94c932c33b27a3e3945d8389c374dd4746
pycocotools==2.0.11 --hash=sha256:81bdceebb4c64e9265213e2d733808a12f9c18dfb14457323cc6b9af07fa0e61
pydantic==2.13.4 --hash=sha256:45a282cde31d808236fd7ea9d919b128653c8b38b393d1c4ab335c62924d9aba
pydantic_core==2.46.4 --hash=sha256:e0d65b8c354be7fb5f720c3caa8bc940bc2d20ce749c8e06135f07f8ed95dd7c
Pygments==2.20.0 --hash=sha256:81a9e26dd42fd28a23a2d169d86d7ac03b46e2f8b59ed4698fb4785f946d0176
pyparsing==3.3.2 --hash=sha256:850ba148bd908d7e2411587e247a1e4f0327839c40e2e5e6d05a007ecc69911d
pytest==9.1.1 --hash=sha256:37a86b45efb9a47a61a36449063e8e18d0cab3161329fc099eb21783169c4f0c
python-dateutil==2.9.0.post0 --hash=sha256:a8b2bc7bffae282281c8140a97d3aa9c14da0b136dfe83f850eea9a5f7470427
PyYAML==6.0.3 --hash=sha256:652cb6edd41e718550aad172851962662ff2681490a8a711af6a4d288dd96824
rich==15.0.0 --hash=sha256:33bd4ef74232fb73fe9279a257718407f169c09b78a87ad3d296f548e27de0bb
scipy==1.17.1 --hash=sha256:a3472cfbca0a54177d0faa68f697d8ba4c80bbdc19908c3465556d9f7efce9ee
setuptools==80.10.2 --hash=sha256:95b30ddfb717250edb492926c92b5221f7ef3fbcc2b07579bcd4a27da21d0173
shapely==2.1.2 --hash=sha256:16a9c722ba774cf50b5d4541242b4cce05aafd44a015290c82ba8a16931ff63d
six==1.17.0 --hash=sha256:4721f391ed90541fddacab5acf947aa0d3dc7d27b2e1e8eda2be8970586c3274
sympy==1.14.0 --hash=sha256:e091cc3e99d2141a0ba2847328f5479b05d94a6635cb96148ccb3f34671bd8f5
termcolor==3.3.0 --hash=sha256:cf642efadaf0a8ebbbf4bc7a31cec2f9b5f21a9f726f4ccbb08192c9c26f43a5
terminaltables==3.1.10 --hash=sha256:e4fdc4179c9e4aab5f674d80f09d76fa436b96fdc698a8505e0a36bf0804a874
torch==2.13.0 --hash=sha256:e76f9bcecc52b8ff711239a2f7547d5353df95878ab232f0773c1d95928b92f8
torchvision==0.28.0 --hash=sha256:83fe6c020866a85acd7d97deccc45ff11d66daf42916d04396a4309c66c0ccb8
tqdm==4.68.4 --hash=sha256:5168118b2368f48c561afda8020fd79195b1bdb0bdf8086b88442c267a315dc2
typing-inspection==0.4.2 --hash=sha256:4ed1cacbdc298c220f1bd249ed5287caa16f34d44ef4e9c3d0cbad5b521545e7
typing_extensions==4.16.0 --hash=sha256:481caa481374e813c1b176ada14e97f1f67a4539ce9cfeb3f350d78d6370c2e8
wheel==0.47.0 --hash=sha256:212281cab4dff978f6cedd499cd893e1f620791ca6ff7107cf270781e587eced
xtcocotools==1.14.3 --hash=sha256:78b19e89c8b81887bae83d03f9221a8654afeb7c74910d85170781d8c23bc4d2
yapf==0.43.0 --hash=sha256:224faffbc39c428cb095818cf6ef5511fdab6f7430a10783fdfb292ccf2852ca
